Microsoft Visual Studio Solution File, Format Version 12.00
# Visual Studio Version 17
VisualStudioVersion = 17.5.2.0
MinimumVisualStudioVersion = 10.0.40219.1
Project("{FAE04EC0-301F-11D3-BF4B-00C04F79EFBC}") = "04_OPERADORESARITIMETICOS", "04_OPERADORESARITIMETICOS\04_OPERADORESARITIMETICOS.csproj", "{ADDD6C7C-7B84-7046-A356-145C07B4C1DB}"
EndProject
Project("{2150E333-8FDC-42A3-9474-1A3956D46DE8}") = "09_REPETICAO", "09_REPETICAO", "{5E2BB368-E17D-2E41-4B6E-B90E9CF16F0E}"
EndProject
Project("{2150E333-8FDC-42A3-9474-1A3956D46DE8}") = "04_OPERADORESARITIMETRICOS", "04_OPERADORESARITIMETRICOS", "{02DF62B6-9DD4-79CF-1272-9E3701EA4339}"
EndProject
Project("{FAE04EC0-301F-11D3-BF4B-00C04F79EFBC}") = "06_SwitchCase", "06_SwitchCase\06_SwitchCase.csproj", "{72695EE9-396B-D952-6238-186C7359C41A}"
EndProject
Project("{FAE04EC0-301F-11D3-BF4B-00C04F79EFBC}") = "08_ARITIMETICO", "08_ARITIMETICO\08_ARITIMETICO.csproj", "{3046B6AF-573C-32CB-B093-140C3760E1DD}"
EndProject
Project("{FAE04EC0-301F-11D3-BF4B-00C04F79EFBC}") = "05_CONDICIONAIS", "05_CONDICIONAIS\05_CONDICIONAIS.csproj", "{711A2A3D-7163-D0AF-10CC-B3AA20AD3800}"
EndProject
Project("{FAE04EC0-301F-11D3-BF4B-00C04F79EFBC}") = "07_LOGICO", "07_LOGICO\07_LOGICO.csproj", "{A972140D-F9BD-ED24-53B8-05A3778DDD72}"
EndProject
Project("{FAE04EC0-301F-11D3-BF4B-00C04F79EFBC}") = "02_TIPODEDADOS", "02_TIPODEDADOS\02_TIPODEDADOS.csproj", "{7CA4293E-6078-1CCA-4F60-862CED32512E}"
EndProject
Project("{FAE04EC0-301F-11D3-BF4B-00C04F79EFBC}") = "03_OPERADORESDEATRIBUICAO", "03_OPERADORESDEATRIBUICAO\03_OPERADORESDEATRIBUICAO.csproj", "{F50224DA-480C-272C-EFF7-623B7BD2872A}"
EndProject
Project("{FAE04EC0-301F-11D3-BF4B-00C04F79EFBC}") = "01_FUNDAMETOS", "01_FUNDAMETOS\01_FUNDAMETOS.csproj", "{CE3866CD-B552-3E13-DF0B-EDB85B1A677E}"
EndProject
Project("{FAE04EC0-301F-11D3-BF4B-00C04F79EFBC}") = "09_FOR", "09_REPETICAO\09_FOR.csproj", "{84EE6B59-6EF4-CF2D-B5E8-761FDCD3AFAB}"
EndProject
Project("{FAE04EC0-301F-11D3-BF4B-00C04F79EFBC}") = "04_OPERADORESARITIMETICOS", "04_OPERADORESARITIMETRICOS\04_OPERADORESARITIMETICOS.csproj", "{FC449F52-A19F-E558-F0C0-8558746FA918}"
EndProject
Global
	GlobalSection(SolutionConfigurationPlatforms) = preSolution
		Debug|Any CPU = Debug|Any CPU
		Release|Any CPU = Release|Any CPU
	EndGlobalSection
	GlobalSection(ProjectConfigurationPlatforms) = postSolution
		{ADDD6C7C-7B84-7046-A356-145C07B4C1DB}.Debug|Any CPU.ActiveCfg = Debug|Any CPU
		{ADDD6C7C-7B84-7046-A356-145C07B4C1DB}.Debug|Any CPU.Build.0 = Debug|Any CPU
		{ADDD6C7C-7B84-7046-A356-145C07B4C1DB}.Release|Any CPU.ActiveCfg = Release|Any CPU
		{ADDD6C7C-7B84-7046-A356-145C07B4C1DB}.Release|Any CPU.Build.0 = Release|Any CPU
		{72695EE9-396B-D952-6238-186C7359C41A}.Debug|Any CPU.ActiveCfg = Debug|Any CPU
		{72695EE9-396B-D952-6238-186C7359C41A}.Debug|Any CPU.Build.0 = Debug|Any CPU
		{72695EE9-396B-D952-6238-186C7359C41A}.Release|Any CPU.ActiveCfg = Release|Any CPU
		{72695EE9-396B-D952-6238-186C7359C41A}.Release|Any CPU.Build.0 = Release|Any CPU
		{3046B6AF-573C-32CB-B093-140C3760E1DD}.Debug|Any CPU.ActiveCfg = Debug|Any CPU
		{3046B6AF-573C-32CB-B093-140C3760E1DD}.Debug|Any CPU.Build.0 = Debug|Any CPU
		{3046B6AF-573C-32CB-B093-140C3760E1DD}.Release|Any CPU.ActiveCfg = Release|Any CPU
		{3046B6AF-573C-32CB-B093-140C3760E1DD}.Release|Any CPU.Build.0 = Release|Any CPU
		{711A2A3D-7163-D0AF-10CC-B3AA20AD3800}.Debug|Any CPU.ActiveCfg = Debug|Any CPU
		{711A2A3D-7163-D0AF-10CC-B3AA20AD3800}.Debug|Any CPU.Build.0 = Debug|Any CPU
		{711A2A3D-7163-D0AF-10CC-B3AA20AD3800}.Release|Any CPU.ActiveCfg = Release|Any CPU
		{711A2A3D-7163-D0AF-10CC-B3AA20AD3800}.Release|Any CPU.Build.0 = Release|Any CPU
		{A972140D-F9BD-ED24-53B8-05A3778DDD72}.Debug|Any CPU.ActiveCfg = Debug|Any CPU
		{A972140D-F9BD-ED24-53B8-05A3778DDD72}.Debug|Any CPU.Build.0 = Debug|Any CPU
		{A972140D-F9BD-ED24-53B8-05A3778DDD72}.Release|Any CPU.ActiveCfg = Release|Any CPU
		{A972140D-F9BD-ED24-53B8-05A3778DDD72}.Release|Any CPU.Build.0 = Release|Any CPU
		{7CA4293E-6078-1CCA-4F60-862CED32512E}.Debug|Any CPU.ActiveCfg = Debug|Any CPU
		{7CA4293E-6078-1CCA-4F60-862CED32512E}.Debug|Any CPU.Build.0 = Debug|Any CPU
		{7CA4293E-6078-1CCA-4F60-862CED32512E}.Release|Any CPU.ActiveCfg = Release|Any CPU
		{7CA4293E-6078-1CCA-4F60-862CED32512E}.Release|Any CPU.Build.0 = Release|Any CPU
		{F50224DA-480C-272C-EFF7-623B7BD2872A}.Debug|Any CPU.ActiveCfg = Debug|Any CPU
		{F50224DA-480C-272C-EFF7-623B7BD2872A}.Debug|Any CPU.Build.0 = Debug|Any CPU
		{F50224DA-480C-272C-EFF7-623B7BD2872A}.Release|Any CPU.ActiveCfg = Release|Any CPU
		{F50224DA-480C-272C-EFF7-623B7BD2872A}.Release|Any CPU.Build.0 = Release|Any CPU
		{CE3866CD-B552-3E13-DF0B-EDB85B1A677E}.Debug|Any CPU.ActiveCfg = Debug|Any CPU
		{CE3866CD-B552-3E13-DF0B-EDB85B1A677E}.Debug|Any CPU.Build.0 = Debug|Any CPU
		{CE3866CD-B552-3E13-DF0B-EDB85B1A677E}.Release|Any CPU.ActiveCfg = Release|Any CPU
		{CE3866CD-B552-3E13-DF0B-EDB85B1A677E}.Release|Any CPU.Build.0 = Release|Any CPU
		{84EE6B59-6EF4-CF2D-B5E8-761FDCD3AFAB}.Debug|Any CPU.ActiveCfg = Debug|Any CPU
		{84EE6B59-6EF4-CF2D-B5E8-761FDCD3AFAB}.Debug|Any CPU.Build.0 = Debug|Any CPU
		{84EE6B59-6EF4-CF2D-B5E8-761FDCD3AFAB}.Release|Any CPU.ActiveCfg = Release|Any CPU
		{84EE6B59-6EF4-CF2D-B5E8-761FDCD3AFAB}.Release|Any CPU.Build.0 = Release|Any CPU
		{FC449F52-A19F-E558-F0C0-8558746FA918}.Debug|Any CPU.ActiveCfg = Debug|Any CPU
		{FC449F52-A19F-E558-F0C0-8558746FA918}.Debug|Any CPU.Build.0 = Debug|Any CPU
		{FC449F52-A19F-E558-F0C0-8558746FA918}.Release|Any CPU.ActiveCfg = Release|Any CPU
		{FC449F52-A19F-E558-F0C0-8558746FA918}.Release|Any CPU.Build.0 = Release|Any CPU
	EndGlobalSection
	GlobalSection(SolutionProperties) = preSolution
		HideSolutionNode = FALSE
	EndGlobalSection
	GlobalSection(NestedProjects) = preSolution
		{84EE6B59-6EF4-CF2D-B5E8-761FDCD3AFAB} = {5E2BB368-E17D-2E41-4B6E-B90E9CF16F0E}
		{FC449F52-A19F-E558-F0C0-8558746FA918} = {02DF62B6-9DD4-79CF-1272-9E3701EA4339}
	EndGlobalSection
	GlobalSection(ExtensibilityGlobals) = postSolution
		SolutionGuid = {B23F8A63-0912-41CC-8153-2B4A7FCADA6F}
	EndGlobalSection
EndGlobal
