Microsoft Visual Studio Solution File, Format Version 12.00
# Visual Studio Version 17
VisualStudioVersion = 17.5.2.0
MinimumVisualStudioVersion = 10.0.40219.1
Project("{2150E333-8FDC-42A3-9474-1A3956D46DE8}") = "04_OPERADORESARITIMETRICOS", "04_OPERADORESARITIMETRICOS", "{02DF62B6-9DD4-79CF-1272-9E3701EA4339}"
EndProject
Project("{FAE04EC0-301F-11D3-BF4B-00C04F79EFBC}") = "05_CONDICIONAIS", "05_CONDICIONAIS\05_CONDICIONAIS.csproj", "{711A2A3D-7163-D0AF-10CC-B3AA20AD3800}"
EndProject
Project("{FAE04EC0-301F-11D3-BF4B-00C04F79EFBC}") = "02_TIPODEDADOS", "02_TIPODEDADOS\02_TIPODEDADOS.csproj", "{7CA4293E-6078-1CCA-4F60-862CED32512E}"
EndProject
Project("{FAE04EC0-301F-11D3-BF4B-00C04F79EFBC}") = "03_OPERADORESDEATRIBUICAO", "03_OPERADORESDEATRIBUICAO\03_OPERADORESDEATRIBUICAO.csproj", "{F50224DA-480C-272C-EFF7-623B7BD2872A}"
EndProject
Project("{FAE04EC0-301F-11D3-BF4B-00C04F79EFBC}") = "01_FUNDAMETOS", "01_FUNDAMETOS\01_FUNDAMETOS.csproj", "{CE3866CD-B552-3E13-DF0B-EDB85B1A677E}"
EndProject
Project("{FAE04EC0-301F-11D3-BF4B-00C04F79EFBC}") = "04_OPERADORESARITIMETICOS", "04_OPERADORESARITIMETRICOS\04_OPERADORESARITIMETICOS.csproj", "{FC449F52-A19F-E558-F0C0-8558746FA918}"
EndProject
Global
	GlobalSection(SolutionConfigurationPlatforms) = preSolution
		Debug|Any CPU = Debug|Any CPU
		Release|Any CPU = Release|Any CPU
	EndGlobalSection
	GlobalSection(ProjectConfigurationPlatforms) = postSolution
		{711A2A3D-7163-D0AF-10CC-B3AA20AD3800}.Debug|Any CPU.ActiveCfg = Debug|Any CPU
		{711A2A3D-7163-D0AF-10CC-B3AA20AD3800}.Debug|Any CPU.Build.0 = Debug|Any CPU
		{711A2A3D-7163-D0AF-10CC-B3AA20AD3800}.Release|Any CPU.ActiveCfg = Release|Any CPU
		{711A2A3D-7163-D0AF-10CC-B3AA20AD3800}.Release|Any CPU.Build.0 = Release|Any CPU
		{7CA4293E-6078-1CCA-4F60-862CED32512E}.Debug|Any CPU.ActiveCfg = Debug|Any CPU
		{7CA4293E-6078-1CCA-4F60-862CED32512E}.Debug|Any CPU.Build.0 = Debug|Any CPU
		{7CA4293E-6078-1CCA-4F60-862CED32512E}.Release|Any CPU.ActiveCfg = Release|Any CPU
		{7CA4293E-6078-1CCA-4F60-862CED32512E}.Release|Any CPU.Build.0 = Release|Any CPU
		{F50224DA-480C-272C-EFF7-623B7BD2872A}.Debug|Any CPU.ActiveCfg = Debug|Any CPU
		{F50224DA-480C-272C-EFF7-623B7BD2872A}.Debug|Any CPU.Build.0 = Debug|Any CPU
		{F50224DA-480C-272C-EFF7-623B7BD2872A}.Release|Any CPU.ActiveCfg = Release|Any CPU
		{F50224DA-480C-272C-EFF7-623B7BD2872A}.Release|Any CPU.Build.0 = Release|Any CPU
		{CE3866CD-B552-3E13-DF0B-EDB85B1A677E}.Debug|Any CPU.ActiveCfg = Debug|Any CPU
		{CE3866CD-B552-3E13-DF0B-EDB85B1A677E}.Debug|Any CPU.Build.0 = Debug|Any CPU
		{CE3866CD-B552-3E13-DF0B-EDB85B1A677E}.Release|Any CPU.ActiveCfg = Release|Any CPU
		{CE3866CD-B552-3E13-DF0B-EDB85B1A677E}.Release|Any CPU.Build.0 = Release|Any CPU
		{FC449F52-A19F-E558-F0C0-8558746FA918}.Debug|Any CPU.ActiveCfg = Debug|Any CPU
		{FC449F52-A19F-E558-F0C0-8558746FA918}.Debug|Any CPU.Build.0 = Debug|Any CPU
		{FC449F52-A19F-E558-F0C0-8558746FA918}.Release|Any CPU.ActiveCfg = Release|Any CPU
		{FC449F52-A19F-E558-F0C0-8558746FA918}.Release|Any CPU.Build.0 = Release|Any CPU
	EndGlobalSection
	GlobalSection(SolutionProperties) = preSolution
		HideSolutionNode = FALSE
	EndGlobalSection
	GlobalSection(NestedProjects) = preSolution
		{FC449F52-A19F-E558-F0C0-8558746FA918} = {02DF62B6-9DD4-79CF-1272-9E3701EA4339}
	EndGlobalSection
	GlobalSection(ExtensibilityGlobals) = postSolution
		SolutionGuid = {113CCFCE-03DF-47AB-814F-7F6C5B60281C}
	EndGlobalSection
EndGlobal
