Microsoft Visual Studio Solution File, Format Version 12.00
# Visual Studio Version 17
VisualStudioVersion = 17.5.2.0
MinimumVisualStudioVersion = 10.0.40219.1
Project("{FAE04EC0-301F-11D3-BF4B-00C04F79EFBC}") = "09_FOR", "ExemploFundamentos\09_FOR.csproj", "{9004F4B3-F31F-9C6B-013C-8827EEA8A953}"
EndProject
Project("{FAE04EC0-301F-11D3-BF4B-00C04F79EFBC}") = "ExemploFundamentos.Commom", "ExemploFundamentos.Commom\ExemploFundamentos.Commom.csproj", "{B0255AED-1B0D-442F-A34A-B7EB154E92C8}"
EndProject
Global
	GlobalSection(SolutionConfigurationPlatforms) = preSolution
		Debug|Any CPU = Debug|Any CPU
		Release|Any CPU = Release|Any CPU
	EndGlobalSection
	GlobalSection(ProjectConfigurationPlatforms) = postSolution
		{9004F4B3-F31F-9C6B-013C-8827EEA8A953}.Debug|Any CPU.ActiveCfg = Debug|Any CPU
		{9004F4B3-F31F-9C6B-013C-8827EEA8A953}.Debug|Any CPU.Build.0 = Debug|Any CPU
		{9004F4B3-F31F-9C6B-013C-8827EEA8A953}.Release|Any CPU.ActiveCfg = Release|Any CPU
		{9004F4B3-F31F-9C6B-013C-8827EEA8A953}.Release|Any CPU.Build.0 = Release|Any CPU
		{B0255AED-1B0D-442F-A34A-B7EB154E92C8}.Debug|Any CPU.ActiveCfg = Debug|Any CPU
		{B0255AED-1B0D-442F-A34A-B7EB154E92C8}.Debug|Any CPU.Build.0 = Debug|Any CPU
		{B0255AED-1B0D-442F-A34A-B7EB154E92C8}.Release|Any CPU.ActiveCfg = Release|Any CPU
		{B0255AED-1B0D-442F-A34A-B7EB154E92C8}.Release|Any CPU.Build.0 = Release|Any CPU
	EndGlobalSection
	GlobalSection(SolutionProperties) = preSolution
		HideSolutionNode = FALSE
	EndGlobalSection
	GlobalSection(ExtensibilityGlobals) = postSolution
		SolutionGuid = {4F50B78F-7C92-4FB5-A25D-8E13B73371E4}
	EndGlobalSection
EndGlobal
